
Microsoft Visual Studio Solution File, Format Version 12.00
# Visual Studio Version 16
VisualStudioVersion = 16.0.30011.22
MinimumVisualStudioVersion = 10.0.40219.1
Project("{FAE04EC0-301F-11D3-BF4B-00C04F79EFBC}") = "mybook", "mybook\mybook.csproj", "{A2FAB6E8-D9DC-4127-8ACD-FB43ABCE58FB}"
EndProject
Global
	GlobalSection(SolutionConfigurationPlatforms) = preSolution
		Debug|Any CPU = Debug|Any CPU
		Release|Any CPU = Release|Any CPU
	EndGlobalSection
	GlobalSection(ProjectConfigurationPlatforms) = postSolution
		{A2FAB6E8-D9DC-4127-8ACD-FB43ABCE58FB}.Debug|Any CPU.ActiveCfg = Debug|Any CPU
		{A2FAB6E8-D9DC-4127-8ACD-FB43ABCE58FB}.Debug|Any CPU.Build.0 = Debug|Any CPU
		{A2FAB6E8-D9DC-4127-8ACD-FB43ABCE58FB}.Release|Any CPU.ActiveCfg = Release|Any CPU
		{A2FAB6E8-D9DC-4127-8ACD-FB43ABCE58FB}.Release|Any CPU.Build.0 = Release|Any CPU
	EndGlobalSection
	GlobalSection(SolutionProperties) = preSolution
		HideSolutionNode = FALSE
	EndGlobalSection
	GlobalSection(ExtensibilityGlobals) = postSolution
		SolutionGuid = {A7DD7714-7C9B-4981-9F3D-95D3ACD96EDD}
	EndGlobalSection
EndGlobal
